
Microsoft Visual Studio Solution File, Format Version 12.00
# Visual Studio Version 17
VisualStudioVersion = 17.8.34408.163
MinimumVisualStudioVersion = 10.0.40219.1
Project("{FAE04EC0-301F-11D3-BF4B-00C04F79EFBC}") = "WordReminderAppMaui", "WordReminderAppMaui\WordReminderAppMaui.csproj", "{015164F0-58E4-44EC-A128-2E7BD52A6C26}"
EndProject
Global
	GlobalSection(SolutionConfigurationPlatforms) = preSolution
		Debug|Any CPU = Debug|Any CPU
		Release|Any CPU = Release|Any CPU
	EndGlobalSection
	GlobalSection(ProjectConfigurationPlatforms) = postSolution
		{015164F0-58E4-44EC-A128-2E7BD52A6C26}.Debug|Any CPU.ActiveCfg = Debug|Any CPU
		{015164F0-58E4-44EC-A128-2E7BD52A6C26}.Debug|Any CPU.Build.0 = Debug|Any CPU
		{015164F0-58E4-44EC-A128-2E7BD52A6C26}.Debug|Any CPU.Deploy.0 = Debug|Any CPU
		{015164F0-58E4-44EC-A128-2E7BD52A6C26}.Release|Any CPU.ActiveCfg = Release|Any CPU
		{015164F0-58E4-44EC-A128-2E7BD52A6C26}.Release|Any CPU.Build.0 = Release|Any CPU
		{015164F0-58E4-44EC-A128-2E7BD52A6C26}.Release|Any CPU.Deploy.0 = Release|Any CPU
	EndGlobalSection
	GlobalSection(SolutionProperties) = preSolution
		HideSolutionNode = FALSE
	EndGlobalSection
	GlobalSection(ExtensibilityGlobals) = postSolution
		SolutionGuid = {FCB769C4-12EA-406A-9986-D1DF658E95B5}
	EndGlobalSection
EndGlobal
